
Microsoft Visual Studio Solution File, Format Version 12.00
# Visual Studio Version 16
VisualStudioVersion = 16.0.29409.12
MinimumVisualStudioVersion = 10.0.40219.1
Project("{A0786B88-2ADB-4C21-ABE8-AA2D79766269}") = "pirateships", "..\pirateships.phpproj", "{511BA852-3952-4CC2-9046-1424A61CE993}"
EndProject
Global
	GlobalSection(SolutionConfigurationPlatforms) = preSolution
		Debug|Any CPU = Debug|Any CPU
		Release|Any CPU = Release|Any CPU
	EndGlobalSection
	GlobalSection(ProjectConfigurationPlatforms) = postSolution
		{511BA852-3952-4CC2-9046-1424A61CE993}.Debug|Any CPU.ActiveCfg = Debug|Any CPU
		{511BA852-3952-4CC2-9046-1424A61CE993}.Release|Any CPU.ActiveCfg = Release|Any CPU
	EndGlobalSection
	GlobalSection(SolutionProperties) = preSolution
		HideSolutionNode = FALSE
	EndGlobalSection
	GlobalSection(ExtensibilityGlobals) = postSolution
		SolutionGuid = {15ED7A30-0B2F-44CE-B96F-AFBF9A1CF95E}
	EndGlobalSection
EndGlobal
